// !$*UTF8*$!
{
	archiveVersion = 1;
	classes = {
	};
	objectVersion = 51;
	objects = {

/* Begin PBXBuildFile section */
		7809E4472661E9EE002DB983 /* LoginViewController.swift in Sources */ = {isa = PBXBuildFile; fileRef = 7809E4462661E9EE002DB983 /* LoginViewController.swift */; };
		781733BF26678ACF0004C9CB /* AddItemCollectionViewCell.swift in Sources */ = {isa = PBXBuildFile; fileRef = 781733BD26678ACF0004C9CB /* AddItemCollectionViewCell.swift */; };
		781733C026678ACF0004C9CB /* AddItemCollectionViewCell.xib in Resources */ = {isa = PBXBuildFile; fileRef = 781733BE26678ACF0004C9CB /* AddItemCollectionViewCell.xib */; };
		781CD7E32662BFD8005076CD /* RecommendItemCollectionViewCell.swift in Sources */ = {isa = PBXBuildFile; fileRef = 781CD7E12662BFD8005076CD /* RecommendItemCollectionViewCell.swift */; };
		781CD7E42662BFD8005076CD /* RecommendItemCollectionViewCell.xib in Resources */ = {isa = PBXBuildFile; fileRef = 781CD7E22662BFD8005076CD /* RecommendItemCollectionViewCell.xib */; };
		781CD8102664AD46005076CD /* SelectedShopViewController.swift in Sources */ = {isa = PBXBuildFile; fileRef = 781CD80F2664AD46005076CD /* SelectedShopViewController.swift */; };
		781CD8322664BFFD005076CD /* Type+Extension.swift in Sources */ = {isa = PBXBuildFile; fileRef = 781CD8312664BFFD005076CD /* Type+Extension.swift */; };
		781CD8352664F4E8005076CD /* SearchViewController.swift in Sources */ = {isa = PBXBuildFile; fileRef = 781CD8342664F4E7005076CD /* SearchViewController.swift */; };
		781CD83F26650E9C005076CD /* KeywordsCollectionViewCell.swift in Sources */ = {isa = PBXBuildFile; fileRef = 781CD83D26650E9C005076CD /* KeywordsCollectionViewCell.swift */; };
		781CD84026650E9C005076CD /* KeywordsCollectionViewCell.xib in Resources */ = {isa = PBXBuildFile; fileRef = 781CD83E26650E9C005076CD /* KeywordsCollectionViewCell.xib */; };
		781CD844266513E1005076CD /* IntroductionViewController.swift in Sources */ = {isa = PBXBuildFile; fileRef = 781CD843266513E1005076CD /* IntroductionViewController.swift */; };
		781CD84926653EAC005076CD /* SearchViewModel.swift in Sources */ = {isa = PBXBuildFile; fileRef = 781CD84826653EAB005076CD /* SearchViewModel.swift */; };
		78294F04266E67F400851076 /* WebViewController.swift in Sources */ = {isa = PBXBuildFile; fileRef = 78294F03266E67F400851076 /* WebViewController.swift */; };
		78294F08266E726F00851076 /* UICollectionView+Extension.swift in Sources */ = {isa = PBXBuildFile; fileRef = 78294F07266E726F00851076 /* UICollectionView+Extension.swift */; };
		78294F0B266E838B00851076 /* BlocklistViewController.swift in Sources */ = {isa = PBXBuildFile; fileRef = 78294F0A266E838B00851076 /* BlocklistViewController.swift */; };
		7839C94B265295D30048B5F5 /* ShopImagesCell.swift in Sources */ = {isa = PBXBuildFile; fileRef = 7839C949265295D30048B5F5 /* ShopImagesCell.swift */; };
		7839C94C265295D30048B5F5 /* ShopImagesCell.xib in Resources */ = {isa = PBXBuildFile; fileRef = 7839C94A265295D30048B5F5 /* ShopImagesCell.xib */; };
		7839C94F2652BD740048B5F5 /* ProfileCell.swift in Sources */ = {isa = PBXBuildFile; fileRef = 7839C94E2652BD740048B5F5 /* ProfileCell.swift */; };
		7839C95F2652CA4F0048B5F5 /* ProtraitCardCollectionCell.swift in Sources */ = {isa = PBXBuildFile; fileRef = 7839C95D2652CA4F0048B5F5 /* ProtraitCardCollectionCell.swift */; };
		7839C9602652CA4F0048B5F5 /* ProtraitCardCollectionCell.xib in Resources */ = {isa = PBXBuildFile; fileRef = 7839C95E2652CA4F0048B5F5 /* ProtraitCardCollectionCell.xib */; };
		7839C9692652E59B0048B5F5 /* AddShopViewController.swift in Sources */ = {isa = PBXBuildFile; fileRef = 7839C9682652E59B0048B5F5 /* AddShopViewController.swift */; };
		783B2344265D60F400F88687 /* UIView+Extension.swift in Sources */ = {isa = PBXBuildFile; fileRef = 783B2343265D60F400F88687 /* UIView+Extension.swift */; };
		783B2347265E172100F88687 /* RecommendItem.swift in Sources */ = {isa = PBXBuildFile; fileRef = 783B2346265E172100F88687 /* RecommendItem.swift */; };
		783B236A265E299400F88687 /* RecommendItemManager.swift in Sources */ = {isa = PBXBuildFile; fileRef = 783B2369265E299400F88687 /* RecommendItemManager.swift */; };
		7844F5162667D32100A82158 /* KingFisherWrapper.swift in Sources */ = {isa = PBXBuildFile; fileRef = 7844F5152667D32100A82158 /* KingFisherWrapper.swift */; };
		7844F5192667D34D00A82158 /* PopupDialogWrapper.swift in Sources */ = {isa = PBXBuildFile; fileRef = 7844F5182667D34D00A82158 /* PopupDialogWrapper.swift */; };
		7848AA7426776FDE008A0925 /* MapRouteViewController.swift in Sources */ = {isa = PBXBuildFile; fileRef = 7848AA7326776FDE008A0925 /* MapRouteViewController.swift */; };
		7848AB112677A23B008A0925 /* CHTCollectionViewWaterfallLayout.m in Sources */ = {isa = PBXBuildFile; fileRef = 7848AB102677A23B008A0925 /* CHTCollectionViewWaterfallLayout.m */; };
		784D65B826709711002CA45F /* BlockListTableViewCell.swift in Sources */ = {isa = PBXBuildFile; fileRef = 784D65B726709711002CA45F /* BlockListTableViewCell.swift */; };
		786BF522266C0CB100704711 /* UserViewModel.swift in Sources */ = {isa = PBXBuildFile; fileRef = 786BF521266C0CB100704711 /* UserViewModel.swift */; };
		786BF525266C102100704711 /* CollectionViewModel.swift in Sources */ = {isa = PBXBuildFile; fileRef = 786BF524266C102100704711 /* CollectionViewModel.swift */; };
		7870A34B2670FB220012F15F /* GoogleService-Info.plist in Resources */ = {isa = PBXBuildFile; fileRef = 7870A34A2670FB220012F15F /* GoogleService-Info.plist */; };
		7870A350267120910012F15F /* UIScrollView+EmptyDataSet.m in Sources */ = {isa = PBXBuildFile; fileRef = 7870A34F267120910012F15F /* UIScrollView+EmptyDataSet.m */; };
		7870A37E267208AD0012F15F /* SettingViewController.swift in Sources */ = {isa = PBXBuildFile; fileRef = 7870A37D267208AD0012F15F /* SettingViewController.swift */; };
		7870A3AA26722D130012F15F /* UserReviewViewController.swift in Sources */ = {isa = PBXBuildFile; fileRef = 7870A3A926722D130012F15F /* UserReviewViewController.swift */; };
		7870A3AD26722D2E0012F15F /* UserPostShopViewController.swift in Sources */ = {isa = PBXBuildFile; fileRef = 7870A3AC26722D2E0012F15F /* UserPostShopViewController.swift */; };
		7879ECC3265BE7D900BEAA73 /* FeatureCollectionViewCell.swift in Sources */ = {isa = PBXBuildFile; fileRef = 7879ECC1265BE7D900BEAA73 /* FeatureCollectionViewCell.swift */; };
		7879ECC4265BE7D900BEAA73 /* FeatureCollectionViewCell.xib in Resources */ = {isa = PBXBuildFile; fileRef = 7879ECC2265BE7D900BEAA73 /* FeatureCollectionViewCell.xib */; };
		787C2CB0264E6E70001AC268 /* CoffeeShopManager.swift in Sources */ = {isa = PBXBuildFile; fileRef = 787C2CAF264E6E70001AC268 /* CoffeeShopManager.swift */; };
		78848609264C051900FA33F9 /* MapKit.framework in Frameworks */ = {isa = PBXBuildFile; fileRef = 78848608264C051900FA33F9 /* MapKit.framework */; };
		7884860F264C09AF00FA33F9 /* HomeMapViewController.swift in Sources */ = {isa = PBXBuildFile; fileRef = 7884860E264C09AF00FA33F9 /* HomeMapViewController.swift */; };
		78848612264C09EC00FA33F9 /* HomeListViewController.swift in Sources */ = {isa = PBXBuildFile; fileRef = 78848611264C09EC00FA33F9 /* HomeListViewController.swift */; };
		7884861D264C129D00FA33F9 /* SelectionView.swift in Sources */ = {isa = PBXBuildFile; fileRef = 7884861C264C129D00FA33F9 /* SelectionView.swift */; };
		78848621264C492A00FA33F9 /* CoreLocation.framework in Frameworks */ = {isa = PBXBuildFile; fileRef = 78848620264C492A00FA33F9 /* CoreLocation.framework */; };
		7884864E264CFFE300FA33F9 /* LandscapeCardCell.swift in Sources */ = {isa = PBXBuildFile; fileRef = 7884864C264CFFE300FA33F9 /* LandscapeCardCell.swift */; };
		7884864F264CFFE300FA33F9 /* LandscapeCardCell.xib in Resources */ = {isa = PBXBuildFile; fileRef = 7884864D264CFFE300FA33F9 /* LandscapeCardCell.xib */; };
		7884865F264D36EA00FA33F9 /* HomeViewModel.swift in Sources */ = {isa = PBXBuildFile; fileRef = 7884865E264D36EA00FA33F9 /* HomeViewModel.swift */; };
		78848667264D3A7100FA33F9 /* CoffeeShop.swift in Sources */ = {isa = PBXBuildFile; fileRef = 78848666264D3A7100FA33F9 /* CoffeeShop.swift */; };
		7884FB792653A3F60093F666 /* AddCategoryViewController.swift in Sources */ = {isa = PBXBuildFile; fileRef = 7884FB782653A3F60093F666 /* AddCategoryViewController.swift */; };
		78A01E9426666D0C00E4B43C /* PaddingLabel.swift in Sources */ = {isa = PBXBuildFile; fileRef = 78A01E9326666D0C00E4B43C /* PaddingLabel.swift */; };
		78A01E97266753B400E4B43C /* CustomButton.swift in Sources */ = {isa = PBXBuildFile; fileRef = 78A01E96266753B300E4B43C /* CustomButton.swift */; };
		78A31106265C275E00441FE7 /* Date+Extension.swift in Sources */ = {isa = PBXBuildFile; fileRef = 78A31105265C275E00441FE7 /* Date+Extension.swift */; };
		78A31129265C2AAF00441FE7 /* AddViewModel.swift in Sources */ = {isa = PBXBuildFile; fileRef = 78A31128265C2AAF00441FE7 /* AddViewModel.swift */; };
		78AEDFAA26596CFE000570C7 /* Assets.xcassets in Resources */ = {isa = PBXBuildFile; fileRef = 78AEDFA926596CFE000570C7 /* Assets.xcassets */; };
		78B2FCF7265A1849005C9D1D /* Review.swift in Sources */ = {isa = PBXBuildFile; fileRef = 78B2FCF6265A1849005C9D1D /* Review.swift */; };
		78B2FCFA265A1856005C9D1D /* Feature.swift in Sources */ = {isa = PBXBuildFile; fileRef = 78B2FCF9265A1856005C9D1D /* Feature.swift */; };
		78B2FD00265A1907005C9D1D /* User.swift in Sources */ = {isa = PBXBuildFile; fileRef = 78B2FCFF265A1907005C9D1D /* User.swift */; };
		78B2FD1C265A3326005C9D1D /* ReviewManager.swift in Sources */ = {isa = PBXBuildFile; fileRef = 78B2FD1B265A3326005C9D1D /* ReviewManager.swift */; };
		78B2FD20265A7B23005C9D1D /* FeatureManager.swift in Sources */ = {isa = PBXBuildFile; fileRef = 78B2FD1F265A7B23005C9D1D /* FeatureManager.swift */; };
		78B2FD2B265AC08D005C9D1D /* ReviewCell.swift in Sources */ = {isa = PBXBuildFile; fileRef = 78B2FD2A265AC08D005C9D1D /* ReviewCell.swift */; };
		78BFDCF3266EAA620096B29C /* CategoryViewController.swift in Sources */ = {isa = PBXBuildFile; fileRef = 78BFDCF2266EAA620096B29C /* CategoryViewController.swift */; };
		78BFDD17266EC5DC0096B29C /* FirstRecommendViewController.swift in Sources */ = {isa = PBXBuildFile; fileRef = 78BFDD16266EC5DB0096B29C /* FirstRecommendViewController.swift */; };
		78BFDD1A266EC8CD0096B29C /* RecommendViewModel.swift in Sources */ = {isa = PBXBuildFile; fileRef = 78BFDD19266EC8CD0096B29C /* RecommendViewModel.swift */; };
		78C5236F266A662C00A824E0 /* UserManager.swift in Sources */ = {isa = PBXBuildFile; fileRef = 78C5236E266A662C00A824E0 /* UserManager.swift */; };
		78C52374266B512200A824E0 /* UserSavedShop.swift in Sources */ = {isa = PBXBuildFile; fileRef = 78C52373266B512200A824E0 /* UserSavedShop.swift */; };
		78C52377266B570F00A824E0 /* LoginViewModel.swift in Sources */ = {isa = PBXBuildFile; fileRef = 78C52376266B570F00A824E0 /* LoginViewModel.swift */; };
		78C5237C266B645A00A824E0 /* Login.storyboard in Resources */ = {isa = PBXBuildFile; fileRef = 78C5237B266B645A00A824E0 /* Login.storyboard */; };
		78C5237F266B700400A824E0 /* UIStoryboard+Extension.swift in Sources */ = {isa = PBXBuildFile; fileRef = 78C5237E266B700400A824E0 /* UIStoryboard+Extension.swift */; };
		78C52387266B81DE00A824E0 /* JGProgressHUDWrapper.swift in Sources */ = {isa = PBXBuildFile; fileRef = 78C52386266B81DE00A824E0 /* JGProgressHUDWrapper.swift */; };
		78C52391266BB37E00A824E0 /* CategoryCollectionViewCell.swift in Sources */ = {isa = PBXBuildFile; fileRef = 78C5238F266BB37E00A824E0 /* CategoryCollectionViewCell.swift */; };
		78C52392266BB37E00A824E0 /* CategoryCollectionViewCell.xib in Resources */ = {isa = PBXBuildFile; fileRef = 78C52390266BB37E00A824E0 /* CategoryCollectionViewCell.xib */; };
		78D4B3CC2658D1BC004EBB20 /* ReviewsPageViewController.swift in Sources */ = {isa = PBXBuildFile; fileRef = 78D4B3CB2658D1BC004EBB20 /* ReviewsPageViewController.swift */; };
		78DEC2B52654DF6600726A5D /* AddOpenHoursViewController.swift in Sources */ = {isa = PBXBuildFile; fileRef = 78DEC2B42654DF6600726A5D /* AddOpenHoursViewController.swift */; };
		78DEC2B8265500A100726A5D /* SwitchCell.xib in Resources */ = {isa = PBXBuildFile; fileRef = 78DEC2B7265500A000726A5D /* SwitchCell.xib */; };
		78DEC2BB2655088C00726A5D /* LocationManager.swift in Sources */ = {isa = PBXBuildFile; fileRef = 78DEC2BA2655088C00726A5D /* LocationManager.swift */; };
		78DF24D5265206A400F47A04 /* DetailViewController.swift in Sources */ = {isa = PBXBuildFile; fileRef = 78DF24D4265206A400F47A04 /* DetailViewController.swift */; };
		78DF24DA2652080F00F47A04 /* RecommendViewController.swift in Sources */ = {isa = PBXBuildFile; fileRef = 78DF24D92652080F00F47A04 /* RecommendViewController.swift */; };
		78DF24DE265208A100F47A04 /* Recommend.storyboard in Resources */ = {isa = PBXBuildFile; fileRef = 78DF24DD265208A100F47A04 /* Recommend.storyboard */; };
		78DF24E626520B4100F47A04 /* CollectionViewController.swift in Sources */ = {isa = PBXBuildFile; fileRef = 78DF24E526520B4100F47A04 /* CollectionViewController.swift */; };
		78DF24ED26520B6A00F47A04 /* ProfileViewController.swift in Sources */ = {isa = PBXBuildFile; fileRef = 78DF24EC26520B6A00F47A04 /* ProfileViewController.swift */; };
		78DF24F926520D9500F47A04 /* Profile.storyboard in Resources */ = {isa = PBXBuildFile; fileRef = 78DF24F826520D9500F47A04 /* Profile.storyboard */; };
		78DF250D2652120D00F47A04 /* Collection.storyboard in Resources */ = {isa = PBXBuildFile; fileRef = 78DF250C2652120D00F47A04 /* Collection.storyboard */; };
		78DF251426524AD100F47A04 /* CoffeeShopContentCategory.swift in Sources */ = {isa = PBXBuildFile; fileRef = 78DF251326524AD100F47A04 /* CoffeeShopContentCategory.swift */; };
		78DF251826524DE700F47A04 /* ShopDetailBasicCell.swift in Sources */ = {isa = PBXBuildFile; fileRef = 78DF251726524DE700F47A04 /* ShopDetailBasicCell.swift */; };
		78DF251D265251E100F47A04 /* ShopDescriptionCell.swift in Sources */ = {isa = PBXBuildFile; fileRef = 78DF251B265251E100F47A04 /* ShopDescriptionCell.swift */; };
		78DF251E265251E100F47A04 /* ShopDescriptionCell.xib in Resources */ = {isa = PBXBuildFile; fileRef = 78DF251C265251E100F47A04 /* ShopDescriptionCell.xib */; };
		78DF2523265251FE00F47A04 /* ShopFeatureCell.swift in Sources */ = {isa = PBXBuildFile; fileRef = 78DF2521265251FE00F47A04 /* ShopFeatureCell.swift */; };
		78DF2524265251FE00F47A04 /* ShopFeatureCell.xib in Resources */ = {isa = PBXBuildFile; fileRef = 78DF2522265251FE00F47A04 /* ShopFeatureCell.xib */; };
		78DF25382652625200F47A04 /* WriteReviewCell.swift in Sources */ = {isa = PBXBuildFile; fileRef = 78DF25362652625200F47A04 /* WriteReviewCell.swift */; };
		78DF25392652625200F47A04 /* WriteReviewCell.xib in Resources */ = {isa = PBXBuildFile; fileRef = 78DF25372652625200F47A04 /* WriteReviewCell.xib */; };
		78DF25422652670900F47A04 /* ShopRouteCell.swift in Sources */ = {isa = PBXBuildFile; fileRef = 78DF25402652670900F47A04 /* ShopRouteCell.swift */; };
		78DF25432652670900F47A04 /* ShopRouteCell.xib in Resources */ = {isa = PBXBuildFile; fileRef = 78DF25412652670900F47A04 /* ShopRouteCell.xib */; };
		78DF25472652717000F47A04 /* ShopImagesCollectionViewCell.swift in Sources */ = {isa = PBXBuildFile; fileRef = 78DF25452652717000F47A04 /* ShopImagesCollectionViewCell.swift */; };
		78DF25482652717000F47A04 /* ShopImagesCollectionViewCell.xib in Resources */ = {isa = PBXBuildFile; fileRef = 78DF25462652717000F47A04 /* ShopImagesCollectionViewCell.xib */; };
		78E0B9CF2660C66700AEE38F /* UIColor+Extension.swift in Sources */ = {isa = PBXBuildFile; fileRef = 78E0B9CE2660C66700AEE38F /* UIColor+Extension.swift */; };
		78E9795326734B0F008F91C4 /* NewCoffeeShop.swift in Sources */ = {isa = PBXBuildFile; fileRef = 78E9795226734B0F008F91C4 /* NewCoffeeShop.swift */; };
		78E979EE2674A5DA008F91C4 /* SearchResultViewController.swift in Sources */ = {isa = PBXBuildFile; fileRef = 78E979ED2674A5D9008F91C4 /* SearchResultViewController.swift */; };
		78FA72DE264BFCA300DF4190 /* AppDelegate.swift in Sources */ = {isa = PBXBuildFile; fileRef = 78FA72DD264BFCA300DF4190 /* AppDelegate.swift */; };
		78FA72E0264BFCA300DF4190 /* SceneDelegate.swift in Sources */ = {isa = PBXBuildFile; fileRef = 78FA72DF264BFCA300DF4190 /* SceneDelegate.swift */; };
		78FA72E2264BFCA300DF4190 /* HomeViewController.swift in Sources */ = {isa = PBXBuildFile; fileRef = 78FA72E1264BFCA300DF4190 /* HomeViewController.swift */; };
		78FA72E5264BFCA300DF4190 /* Main.storyboard in Resources */ = {isa = PBXBuildFile; fileRef = 78FA72E3264BFCA300DF4190 /* Main.storyboard */; };
		78FA72EA264BFCA600DF4190 /* LaunchScreen.storyboard in Resources */ = {isa = PBXBuildFile; fileRef = 78FA72E8264BFCA600DF4190 /* LaunchScreen.storyboard */; };
		D78C0C6EAAE16FEB9B7371FF /* Pods_Discoffery.framework in Frameworks */ = {isa = PBXBuildFile; fileRef = 894C847D67261A57F85F1C78 /* Pods_Discoffery.framework */; };
/* End PBXBuildFile section */

/* Begin PBXFileReference section */
		0EE685447FE78E3B98775556 /* Pods-Discoffery.debug.xcconfig */ = {isa = PBXFileReference; includeInIndex = 1; lastKnownFileType = text.xcconfig; name = "Pods-Discoffery.debug.xcconfig"; path = "Target Support Files/Pods-Discoffery/Pods-Discoffery.debug.xcconfig"; sourceTree = "<group>"; };
		7809E4462661E9EE002DB983 /* LoginViewController.swift */ = {isa = PBXFileReference; lastKnownFileType = sourcecode.swift; path = LoginViewController.swift; sourceTree = "<group>"; };
		781733BD26678ACF0004C9CB /* AddItemCollectionViewCell.swift */ = {isa = PBXFileReference; lastKnownFileType = sourcecode.swift; path = AddItemCollectionViewCell.swift; sourceTree = "<group>"; };
		781733BE26678ACF0004C9CB /* AddItemCollectionViewCell.xib */ = {isa = PBXFileReference; lastKnownFileType = file.xib; path = AddItemCollectionViewCell.xib; sourceTree = "<group>"; };
		781CD7E12662BFD8005076CD /* RecommendItemCollectionViewCell.swift */ = {isa = PBXFileReference; lastKnownFileType = sourcecode.swift; path = RecommendItemCollectionViewCell.swift; sourceTree = "<group>"; };
		781CD7E22662BFD8005076CD /* RecommendItemCollectionViewCell.xib */ = {isa = PBXFileReference; lastKnownFileType = file.xib; path = RecommendItemCollectionViewCell.xib; sourceTree = "<group>"; };
		781CD80F2664AD46005076CD /* SelectedShopViewController.swift */ = {isa = PBXFileReference; lastKnownFileType = sourcecode.swift; path = SelectedShopViewController.swift; sourceTree = "<group>"; };
		781CD8312664BFFD005076CD /* Type+Extension.swift */ = {isa = PBXFileReference; lastKnownFileType = sourcecode.swift; path = "Type+Extension.swift"; sourceTree = "<group>"; };
		781CD8342664F4E7005076CD /* SearchViewController.swift */ = {isa = PBXFileReference; lastKnownFileType = sourcecode.swift; path = SearchViewController.swift; sourceTree = "<group>"; };
		781CD83D26650E9C005076CD /* KeywordsCollectionViewCell.swift */ = {isa = PBXFileReference; lastKnownFileType = sourcecode.swift; path = KeywordsCollectionViewCell.swift; sourceTree = "<group>"; };
		781CD83E26650E9C005076CD /* KeywordsCollectionViewCell.xib */ = {isa = PBXFileReference; lastKnownFileType = file.xib; path = KeywordsCollectionViewCell.xib; sourceTree = "<group>"; };
		781CD843266513E1005076CD /* IntroductionViewController.swift */ = {isa = PBXFileReference; lastKnownFileType = sourcecode.swift; path = IntroductionViewController.swift; sourceTree = "<group>"; };
		781CD84826653EAB005076CD /* SearchViewModel.swift */ = {isa = PBXFileReference; lastKnownFileType = sourcecode.swift; path = SearchViewModel.swift; sourceTree = "<group>"; };
		78294F03266E67F400851076 /* WebViewController.swift */ = {isa = PBXFileReference; lastKnownFileType = sourcecode.swift; path = WebViewController.swift; sourceTree = "<group>"; };
		78294F07266E726F00851076 /* UICollectionView+Extension.swift */ = {isa = PBXFileReference; lastKnownFileType = sourcecode.swift; path = "UICollectionView+Extension.swift"; sourceTree = "<group>"; };
		78294F0A266E838B00851076 /* BlocklistViewController.swift */ = {isa = PBXFileReference; lastKnownFileType = sourcecode.swift; path = BlocklistViewController.swift; sourceTree = "<group>"; };
		7839C949265295D30048B5F5 /* ShopImagesCell.swift */ = {isa = PBXFileReference; lastKnownFileType = sourcecode.swift; path = ShopImagesCell.swift; sourceTree = "<group>"; };
		7839C94A265295D30048B5F5 /* ShopImagesCell.xib */ = {isa = PBXFileReference; lastKnownFileType = file.xib; path = ShopImagesCell.xib; sourceTree = "<group>"; };
		7839C94E2652BD740048B5F5 /* ProfileCell.swift */ = {isa = PBXFileReference; lastKnownFileType = sourcecode.swift; path = ProfileCell.swift; sourceTree = "<group>"; };
		7839C95D2652CA4F0048B5F5 /* ProtraitCardCollectionCell.swift */ = {isa = PBXFileReference; lastKnownFileType = sourcecode.swift; path = ProtraitCardCollectionCell.swift; sourceTree = "<group>"; };
		7839C95E2652CA4F0048B5F5 /* ProtraitCardCollectionCell.xib */ = {isa = PBXFileReference; lastKnownFileType = file.xib; path = ProtraitCardCollectionCell.xib; sourceTree = "<group>"; };
		7839C9682652E59B0048B5F5 /* AddShopViewController.swift */ = {isa = PBXFileReference; lastKnownFileType = sourcecode.swift; path = AddShopViewController.swift; sourceTree = "<group>"; };
		783B2343265D60F400F88687 /* UIView+Extension.swift */ = {isa = PBXFileReference; lastKnownFileType = sourcecode.swift; path = "UIView+Extension.swift"; sourceTree = "<group>"; };
		783B2346265E172100F88687 /* RecommendItem.swift */ = {isa = PBXFileReference; lastKnownFileType = sourcecode.swift; path = RecommendItem.swift; sourceTree = "<group>"; };
		783B2369265E299400F88687 /* RecommendItemManager.swift */ = {isa = PBXFileReference; lastKnownFileType = sourcecode.swift; path = RecommendItemManager.swift; sourceTree = "<group>"; };
		7844F5152667D32100A82158 /* KingFisherWrapper.swift */ = {isa = PBXFileReference; lastKnownFileType = sourcecode.swift; path = KingFisherWrapper.swift; sourceTree = "<group>"; };
		7844F5182667D34D00A82158 /* PopupDialogWrapper.swift */ = {isa = PBXFileReference; lastKnownFileType = sourcecode.swift; path = PopupDialogWrapper.swift; sourceTree = "<group>"; };
		7848AA7326776FDE008A0925 /* MapRouteViewController.swift */ = {isa = PBXFileReference; lastKnownFileType = sourcecode.swift; path = MapRouteViewController.swift; sourceTree = "<group>"; };
		7848AB0F2677A234008A0925 /* CHTCollectionViewWaterfallLayout.h */ = {isa = PBXFileReference; lastKnownFileType = sourcecode.c.h; path = CHTCollectionViewWaterfallLayout.h; sourceTree = "<group>"; };
		7848AB102677A23B008A0925 /* CHTCollectionViewWaterfallLayout.m */ = {isa = PBXFileReference; fileEncoding = 4; lastKnownFileType = sourcecode.c.objc; path = CHTCollectionViewWaterfallLayout.m; sourceTree = "<group>"; };
		784D65B726709711002CA45F /* BlockListTableViewCell.swift */ = {isa = PBXFileReference; lastKnownFileType = sourcecode.swift; path = BlockListTableViewCell.swift; sourceTree = "<group>"; };
		786BF521266C0CB100704711 /* UserViewModel.swift */ = {isa = PBXFileReference; lastKnownFileType = sourcecode.swift; path = UserViewModel.swift; sourceTree = "<group>"; };
		786BF524266C102100704711 /* CollectionViewModel.swift */ = {isa = PBXFileReference; lastKnownFileType = sourcecode.swift; path = CollectionViewModel.swift; sourceTree = "<group>"; };
		7870A34A2670FB220012F15F /* GoogleService-Info.plist */ = {isa = PBXFileReference; fileEncoding = 4; lastKnownFileType = text.plist.xml; path = "GoogleService-Info.plist"; sourceTree = "<group>"; };
		7870A34D267120900012F15F /* Discoffery-Bridging-Header.h */ = {isa = PBXFileReference; lastKnownFileType = sourcecode.c.h; path = "Discoffery-Bridging-Header.h"; sourceTree = "<group>"; };
		7870A34E267120910012F15F /* UIScrollView+EmptyDataSet.h */ = {isa = PBXFileReference; fileEncoding = 4; lastKnownFileType = sourcecode.c.h; path = "UIScrollView+EmptyDataSet.h"; sourceTree = "<group>"; };
		7870A34F267120910012F15F /* UIScrollView+EmptyDataSet.m */ = {isa = PBXFileReference; fileEncoding = 4; lastKnownFileType = sourcecode.c.objc; path = "UIScrollView+EmptyDataSet.m"; sourceTree = "<group>"; };
		7870A37D267208AD0012F15F /* SettingViewController.swift */ = {isa = PBXFileReference; lastKnownFileType = sourcecode.swift; path = SettingViewController.swift; sourceTree = "<group>"; };
		7870A3A926722D130012F15F /* UserReviewViewController.swift */ = {isa = PBXFileReference; lastKnownFileType = sourcecode.swift; path = UserReviewViewController.swift; sourceTree = "<group>"; };
		7870A3AC26722D2E0012F15F /* UserPostShopViewController.swift */ = {isa = PBXFileReference; lastKnownFileType = sourcecode.swift; path = UserPostShopViewController.swift; sourceTree = "<group>"; };
		7879ECC1265BE7D900BEAA73 /* FeatureCollectionViewCell.swift */ = {isa = PBXFileReference; lastKnownFileType = sourcecode.swift; path = FeatureCollectionViewCell.swift; sourceTree = "<group>"; };
		7879ECC2265BE7D900BEAA73 /* FeatureCollectionViewCell.xib */ = {isa = PBXFileReference; lastKnownFileType = file.xib; path = FeatureCollectionViewCell.xib; sourceTree = "<group>"; };
		787C2CAF264E6E70001AC268 /* CoffeeShopManager.swift */ = {isa = PBXFileReference; lastKnownFileType = sourcecode.swift; path = CoffeeShopManager.swift; sourceTree = "<group>"; };
		78848608264C051900FA33F9 /* MapKit.framework */ = {isa = PBXFileReference; lastKnownFileType = wrapper.framework; name = MapKit.framework; path = System/Library/Frameworks/MapKit.framework; sourceTree = SDKROOT; };
		7884860E264C09AF00FA33F9 /* HomeMapViewController.swift */ = {isa = PBXFileReference; lastKnownFileType = sourcecode.swift; path = HomeMapViewController.swift; sourceTree = "<group>"; };
		78848611264C09EC00FA33F9 /* HomeListViewController.swift */ = {isa = PBXFileReference; lastKnownFileType = sourcecode.swift; path = HomeListViewController.swift; sourceTree = "<group>"; };
		7884861C264C129D00FA33F9 /* SelectionView.swift */ = {isa = PBXFileReference; lastKnownFileType = sourcecode.swift; path = SelectionView.swift; sourceTree = "<group>"; };
		78848620264C492A00FA33F9 /* CoreLocation.framework */ = {isa = PBXFileReference; lastKnownFileType = wrapper.framework; name = CoreLocation.framework; path = System/Library/Frameworks/CoreLocation.framework; sourceTree = SDKROOT; };
		7884864C264CFFE300FA33F9 /* LandscapeCardCell.swift */ = {isa = PBXFileReference; lastKnownFileType = sourcecode.swift; path = LandscapeCardCell.swift; sourceTree = "<group>"; };
		7884864D264CFFE300FA33F9 /* LandscapeCardCell.xib */ = {isa = PBXFileReference; lastKnownFileType = file.xib; path = LandscapeCardCell.xib; sourceTree = "<group>"; };
		7884865E264D36EA00FA33F9 /* HomeViewModel.swift */ = {isa = PBXFileReference; lastKnownFileType = sourcecode.swift; path = HomeViewModel.swift; sourceTree = "<group>"; };
		78848666264D3A7100FA33F9 /* CoffeeShop.swift */ = {isa = PBXFileReference; lastKnownFileType = sourcecode.swift; path = CoffeeShop.swift; sourceTree = "<group>"; };
		7884FB782653A3F60093F666 /* AddCategoryViewController.swift */ = {isa = PBXFileReference; lastKnownFileType = sourcecode.swift; path = AddCategoryViewController.swift; sourceTree = "<group>"; };
		78A01E9326666D0C00E4B43C /* PaddingLabel.swift */ = {isa = PBXFileReference; lastKnownFileType = sourcecode.swift; path = PaddingLabel.swift; sourceTree = "<group>"; };
		78A01E96266753B300E4B43C /* CustomButton.swift */ = {isa = PBXFileReference; lastKnownFileType = sourcecode.swift; path = CustomButton.swift; sourceTree = "<group>"; };
		78A31105265C275E00441FE7 /* Date+Extension.swift */ = {isa = PBXFileReference; lastKnownFileType = sourcecode.swift; path = "Date+Extension.swift"; sourceTree = "<group>"; };
		78A31128265C2AAF00441FE7 /* AddViewModel.swift */ = {isa = PBXFileReference; lastKnownFileType = sourcecode.swift; path = AddViewModel.swift; sourceTree = "<group>"; };
		78AEDFA926596CFE000570C7 /* Assets.xcassets */ = {isa = PBXFileReference; lastKnownFileType = folder.assetcatalog; path = Assets.xcassets; sourceTree = "<group>"; };
		78B2FCF6265A1849005C9D1D /* Review.swift */ = {isa = PBXFileReference; lastKnownFileType = sourcecode.swift; path = Review.swift; sourceTree = "<group>"; };
		78B2FCF9265A1856005C9D1D /* Feature.swift */ = {isa = PBXFileReference; lastKnownFileType = sourcecode.swift; path = Feature.swift; sourceTree = "<group>"; };
		78B2FCFF265A1907005C9D1D /* User.swift */ = {isa = PBXFileReference; lastKnownFileType = sourcecode.swift; path = User.swift; sourceTree = "<group>"; };
		78B2FD1B265A3326005C9D1D /* ReviewManager.swift */ = {isa = PBXFileReference; lastKnownFileType = sourcecode.swift; path = ReviewManager.swift; sourceTree = "<group>"; };
		78B2FD1F265A7B23005C9D1D /* FeatureManager.swift */ = {isa = PBXFileReference; lastKnownFileType = sourcecode.swift; path = FeatureManager.swift; sourceTree = "<group>"; };
		78B2FD2A265AC08D005C9D1D /* ReviewCell.swift */ = {isa = PBXFileReference; lastKnownFileType = sourcecode.swift; path = ReviewCell.swift; sourceTree = "<group>"; };
		78BFDCF2266EAA620096B29C /* CategoryViewController.swift */ = {isa = PBXFileReference; lastKnownFileType = sourcecode.swift; path = CategoryViewController.swift; sourceTree = "<group>"; };
		78BFDD16266EC5DB0096B29C /* FirstRecommendViewController.swift */ = {isa = PBXFileReference; lastKnownFileType = sourcecode.swift; path = FirstRecommendViewController.swift; sourceTree = "<group>"; };
		78BFDD19266EC8CD0096B29C /* RecommendViewModel.swift */ = {isa = PBXFileReference; lastKnownFileType = sourcecode.swift; path = RecommendViewModel.swift; sourceTree = "<group>"; };
		78C5232A266A564900A824E0 /* Discoffery.entitlements */ = {isa = PBXFileReference; lastKnownFileType = text.plist.entitlements; path = Discoffery.entitlements; sourceTree = "<group>"; };
		78C5236E266A662C00A824E0 /* UserManager.swift */ = {isa = PBXFileReference; lastKnownFileType = sourcecode.swift; path = UserManager.swift; sourceTree = "<group>"; };
		78C52373266B512200A824E0 /* UserSavedShop.swift */ = {isa = PBXFileReference; lastKnownFileType = sourcecode.swift; path = UserSavedShop.swift; sourceTree = "<group>"; };
		78C52376266B570F00A824E0 /* LoginViewModel.swift */ = {isa = PBXFileReference; lastKnownFileType = sourcecode.swift; path = LoginViewModel.swift; sourceTree = "<group>"; };
		78C5237B266B645A00A824E0 /* Login.storyboard */ = {isa = PBXFileReference; lastKnownFileType = file.storyboard; path = Login.storyboard; sourceTree = "<group>"; };
		78C5237E266B700400A824E0 /* UIStoryboard+Extension.swift */ = {isa = PBXFileReference; lastKnownFileType = sourcecode.swift; path = "UIStoryboard+Extension.swift"; sourceTree = "<group>"; };
		78C52386266B81DE00A824E0 /* JGProgressHUDWrapper.swift */ = {isa = PBXFileReference; lastKnownFileType = sourcecode.swift; path = JGProgressHUDWrapper.swift; sourceTree = "<group>"; };
		78C5238F266BB37E00A824E0 /* CategoryCollectionViewCell.swift */ = {isa = PBXFileReference; lastKnownFileType = sourcecode.swift; path = CategoryCollectionViewCell.swift; sourceTree = "<group>"; };
		78C52390266BB37E00A824E0 /* CategoryCollectionViewCell.xib */ = {isa = PBXFileReference; lastKnownFileType = file.xib; path = CategoryCollectionViewCell.xib; sourceTree = "<group>"; };
		78D4B3CB2658D1BC004EBB20 /* ReviewsPageViewController.swift */ = {isa = PBXFileReference; lastKnownFileType = sourcecode.swift; path = ReviewsPageViewController.swift; sourceTree = "<group>"; };
		78DEC2B42654DF6600726A5D /* AddOpenHoursViewController.swift */ = {isa = PBXFileReference; lastKnownFileType = sourcecode.swift; path = AddOpenHoursViewController.swift; sourceTree = "<group>"; };
		78DEC2B7265500A000726A5D /* SwitchCell.xib */ = {isa = PBXFileReference; fileEncoding = 4; lastKnownFileType = file.xib; path = SwitchCell.xib; sourceTree = "<group>"; };
		78DEC2BA2655088C00726A5D /* LocationManager.swift */ = {isa = PBXFileReference; lastKnownFileType = sourcecode.swift; path = LocationManager.swift; sourceTree = "<group>"; };
		78DF24D4265206A400F47A04 /* DetailViewController.swift */ = {isa = PBXFileReference; lastKnownFileType = sourcecode.swift; path = DetailViewController.swift; sourceTree = "<group>"; };
		78DF24D92652080F00F47A04 /* RecommendViewController.swift */ = {isa = PBXFileReference; lastKnownFileType = sourcecode.swift; path = RecommendViewController.swift; sourceTree = "<group>"; };
		78DF24DD265208A100F47A04 /* Recommend.storyboard */ = {isa = PBXFileReference; fileEncoding = 4; lastKnownFileType = file.storyboard; name = Recommend.storyboard; path = Discoffery/View/Storyboard/Recommend.storyboard; sourceTree = SOURCE_ROOT; };
		78DF24E526520B4100F47A04 /* CollectionViewController.swift */ = {isa = PBXFileReference; lastKnownFileType = sourcecode.swift; path = CollectionViewController.swift; sourceTree = "<group>"; };
		78DF24EC26520B6A00F47A04 /* ProfileViewController.swift */ = {isa = PBXFileReference; lastKnownFileType = sourcecode.swift; path = ProfileViewController.swift; sourceTree = "<group>"; };
		78DF24F826520D9500F47A04 /* Profile.storyboard */ = {isa = PBXFileReference; fileEncoding = 4; lastKnownFileType = file.storyboard; path = Profile.storyboard; sourceTree = "<group>"; };
		78DF250C2652120D00F47A04 /* Collection.storyboard */ = {isa = PBXFileReference; fileEncoding = 4; lastKnownFileType = file.storyboard; path = Collection.storyboard; sourceTree = "<group>"; };
		78DF251326524AD100F47A04 /* CoffeeShopContentCategory.swift */ = {isa = PBXFileReference; lastKnownFileType = sourcecode.swift; path = CoffeeShopContentCategory.swift; sourceTree = "<group>"; };
		78DF251726524DE700F47A04 /* ShopDetailBasicCell.swift */ = {isa = PBXFileReference; lastKnownFileType = sourcecode.swift; path = ShopDetailBasicCell.swift; sourceTree = "<group>"; };
		78DF251B265251E100F47A04 /* ShopDescriptionCell.swift */ = {isa = PBXFileReference; lastKnownFileType = sourcecode.swift; path = ShopDescriptionCell.swift; sourceTree = "<group>"; };
		78DF251C265251E100F47A04 /* ShopDescriptionCell.xib */ = {isa = PBXFileReference; lastKnownFileType = file.xib; path = ShopDescriptionCell.xib; sourceTree = "<group>"; };
		78DF2521265251FE00F47A04 /* ShopFeatureCell.swift */ = {isa = PBXFileReference; lastKnownFileType = sourcecode.swift; path = ShopFeatureCell.swift; sourceTree = "<group>"; };
		78DF2522265251FE00F47A04 /* ShopFeatureCell.xib */ = {isa = PBXFileReference; lastKnownFileType = file.xib; path = ShopFeatureCell.xib; sourceTree = "<group>"; };
		78DF25362652625200F47A04 /* WriteReviewCell.swift */ = {isa = PBXFileReference; lastKnownFileType = sourcecode.swift; path = WriteReviewCell.swift; sourceTree = "<group>"; };
		78DF25372652625200F47A04 /* WriteReviewCell.xib */ = {isa = PBXFileReference; lastKnownFileType = file.xib; path = WriteReviewCell.xib; sourceTree = "<group>"; };
		78DF25402652670900F47A04 /* ShopRouteCell.swift */ = {isa = PBXFileReference; lastKnownFileType = sourcecode.swift; path = ShopRouteCell.swift; sourceTree = "<group>"; };
		78DF25412652670900F47A04 /* ShopRouteCell.xib */ = {isa = PBXFileReference; lastKnownFileType = file.xib; path = ShopRouteCell.xib; sourceTree = "<group>"; };
		78DF25452652717000F47A04 /* ShopImagesCollectionViewCell.swift */ = {isa = PBXFileReference; lastKnownFileType = sourcecode.swift; path = ShopImagesCollectionViewCell.swift; sourceTree = "<group>"; };
		78DF25462652717000F47A04 /* ShopImagesCollectionViewCell.xib */ = {isa = PBXFileReference; lastKnownFileType = file.xib; path = ShopImagesCollectionViewCell.xib; sourceTree = "<group>"; };
		78E0B9CE2660C66700AEE38F /* UIColor+Extension.swift */ = {isa = PBXFileReference; lastKnownFileType = sourcecode.swift; path = "UIColor+Extension.swift"; sourceTree = "<group>"; };
		78E9795226734B0F008F91C4 /* NewCoffeeShop.swift */ = {isa = PBXFileReference; lastKnownFileType = sourcecode.swift; path = NewCoffeeShop.swift; sourceTree = "<group>"; };
		78E979ED2674A5D9008F91C4 /* SearchResultViewController.swift */ = {isa = PBXFileReference; lastKnownFileType = sourcecode.swift; path = SearchResultViewController.swift; sourceTree = "<group>"; };
		78FA72DA264BFCA300DF4190 /* Discoffery.app */ = {isa = PBXFileReference; explicitFileType = wrapper.application; includeInIndex = 0; path = Discoffery.app; sourceTree = BUILT_PRODUCTS_DIR; };
		78FA72DD264BFCA300DF4190 /* AppDelegate.swift */ = {isa = PBXFileReference; lastKnownFileType = sourcecode.swift; path = AppDelegate.swift; sourceTree = "<group>"; };
		78FA72DF264BFCA300DF4190 /* SceneDelegate.swift */ = {isa = PBXFileReference; lastKnownFileType = sourcecode.swift; path = SceneDelegate.swift; sourceTree = "<group>"; };
		78FA72E1264BFCA300DF4190 /* HomeViewController.swift */ = {isa = PBXFileReference; lastKnownFileType = sourcecode.swift; path = HomeViewController.swift; sourceTree = "<group>"; };
		78FA72E4264BFCA300DF4190 /* Base */ = {isa = PBXFileReference; lastKnownFileType = file.storyboard; name = Base; path = Base.lproj/Main.storyboard; sourceTree = "<group>"; };
		78FA72E9264BFCA600DF4190 /* Base */ = {isa = PBXFileReference; lastKnownFileType = file.storyboard; name = Base; path = Base.lproj/LaunchScreen.storyboard; sourceTree = "<group>"; };
		78FA72EB264BFCA600DF4190 /* Info.plist */ = {isa = PBXFileReference; lastKnownFileType = text.plist.xml; path = Info.plist; sourceTree = "<group>"; };
		894C847D67261A57F85F1C78 /* Pods_Discoffery.framework */ = {isa = PBXFileReference; explicitFileType = wrapper.framework; includeInIndex = 0; path = Pods_Discoffery.framework; sourceTree = BUILT_PRODUCTS_DIR; };
		ED72BBDFD145850A3955FC09 /* Pods-Discoffery.release.xcconfig */ = {isa = PBXFileReference; includeInIndex = 1; lastKnownFileType = text.xcconfig; name = "Pods-Discoffery.release.xcconfig"; path = "Target Support Files/Pods-Discoffery/Pods-Discoffery.release.xcconfig"; sourceTree = "<group>"; };
/* End PBXFileReference section */

/* Begin PBXFrameworksBuildPhase section */
		78FA72D7264BFCA300DF4190 /* Frameworks */ = {
			isa = PBXFrameworksBuildPhase;
			buildActionMask = 2147483647;
			files = (
				78848621264C492A00FA33F9 /* CoreLocation.framework in Frameworks */,
				78848609264C051900FA33F9 /* MapKit.framework in Frameworks */,
				D78C0C6EAAE16FEB9B7371FF /* Pods_Discoffery.framework in Frameworks */,
			);
			runOnlyForDeploymentPostprocessing = 0;
		};
/* End PBXFrameworksBuildPhase section */

/* Begin PBXGroup section */
		781733C226678AEE0004C9CB /* Write Review */ = {
			isa = PBXGroup;
			children = (
				78DF25362652625200F47A04 /* WriteReviewCell.swift */,
				78DF25372652625200F47A04 /* WriteReviewCell.xib */,
				781733BD26678ACF0004C9CB /* AddItemCollectionViewCell.swift */,
				781733BE26678ACF0004C9CB /* AddItemCollectionViewCell.xib */,
			);
			path = "Write Review";
			sourceTree = "<group>";
		};
		781733C326678B1A0004C9CB /* All Reviews Page */ = {
			isa = PBXGroup;
			children = (
				78B2FD2A265AC08D005C9D1D /* ReviewCell.swift */,
			);
			path = "All Reviews Page";
			sourceTree = "<group>";
		};
		78182BFD265E473200056E92 /* CustomNativeUI */ = {
			isa = PBXGroup;
			children = (
				78A01E9326666D0C00E4B43C /* PaddingLabel.swift */,
				78A01E96266753B300E4B43C /* CustomButton.swift */,
			);
			path = CustomNativeUI;
			sourceTree = "<group>";
		};
		781CD83726650DBD005076CD /* Home */ = {
			isa = PBXGroup;
			children = (
				7884864C264CFFE300FA33F9 /* LandscapeCardCell.swift */,
				7884864D264CFFE300FA33F9 /* LandscapeCardCell.xib */,
				7879ECC1265BE7D900BEAA73 /* FeatureCollectionViewCell.swift */,
				7879ECC2265BE7D900BEAA73 /* FeatureCollectionViewCell.xib */,
				781CD7E12662BFD8005076CD /* RecommendItemCollectionViewCell.swift */,
				781CD7E22662BFD8005076CD /* RecommendItemCollectionViewCell.xib */,
			);
			path = Home;
			sourceTree = "<group>";
		};
		781CD83B26650E2D005076CD /* Storyboard */ = {
			isa = PBXGroup;
			children = (
				78FA72E3264BFCA300DF4190 /* Main.storyboard */,
				78DF24DD265208A100F47A04 /* Recommend.storyboard */,
				78DF250C2652120D00F47A04 /* Collection.storyboard */,
				78DF24F826520D9500F47A04 /* Profile.storyboard */,
				78FA72E8264BFCA600DF4190 /* LaunchScreen.storyboard */,
				78C5237B266B645A00A824E0 /* Login.storyboard */,
			);
			path = Storyboard;
			sourceTree = "<group>";
		};
		781CD83C26650E60005076CD /* Search */ = {
			isa = PBXGroup;
			children = (
				781CD83D26650E9C005076CD /* KeywordsCollectionViewCell.swift */,
				781CD83E26650E9C005076CD /* KeywordsCollectionViewCell.xib */,
			);
			path = Search;
			sourceTree = "<group>";
		};
		781CD84626652AE2005076CD /* Search */ = {
			isa = PBXGroup;
			children = (
				781CD8342664F4E7005076CD /* SearchViewController.swift */,
				78E979ED2674A5D9008F91C4 /* SearchResultViewController.swift */,
			);
			path = Search;
			sourceTree = "<group>";
		};
		7839C9672652E5580048B5F5 /* Add */ = {
			isa = PBXGroup;
			children = (
				7839C9682652E59B0048B5F5 /* AddShopViewController.swift */,
				78DEC2B42654DF6600726A5D /* AddOpenHoursViewController.swift */,
			);
			path = Add;
			sourceTree = "<group>";
		};
		7844F5102667D2A900A82158 /* Third Party Wrapper */ = {
			isa = PBXGroup;
			children = (
				7870A34E267120910012F15F /* UIScrollView+EmptyDataSet.h */,
				7848AB0F2677A234008A0925 /* CHTCollectionViewWaterfallLayout.h */,
				7870A34F267120910012F15F /* UIScrollView+EmptyDataSet.m */,
				7848AB102677A23B008A0925 /* CHTCollectionViewWaterfallLayout.m */,
				7844F5152667D32100A82158 /* KingFisherWrapper.swift */,
				7844F5182667D34D00A82158 /* PopupDialogWrapper.swift */,
				78C52386266B81DE00A824E0 /* JGProgressHUDWrapper.swift */,
			);
			path = "Third Party Wrapper";
			sourceTree = "<group>";
		};
		78848615264C11F400FA33F9 /* Controller */ = {
			isa = PBXGroup;
			children = (
				78C52379266B572600A824E0 /* Login */,
				781CD84626652AE2005076CD /* Search */,
				7839C9672652E5580048B5F5 /* Add */,
				78848619264C123200FA33F9 /* Home */,
				78DF24D7265206A900F47A04 /* Detail */,
				78DF24E326520ACB00F47A04 /* Recommend */,
				78DF24E426520B0E00F47A04 /* Collection */,
				78DF24EA26520B5400F47A04 /* Profile */,
			);
			path = Controller;
			sourceTree = "<group>";
		};
		78848616264C11FC00FA33F9 /* View */ = {
			isa = PBXGroup;
			children = (
				781CD83C26650E60005076CD /* Search */,
				781CD83B26650E2D005076CD /* Storyboard */,
				781CD83726650DBD005076CD /* Home */,
				78182BFD265E473200056E92 /* CustomNativeUI */,
				78DEC28326541E8400726A5D /* Add */,
				7884861B264C126400FA33F9 /* Base */,
				78DF251A265251B600F47A04 /* Detail */,
				78DF24E026520A5200F47A04 /* Recommend */,
				78DF24E126520A7400F47A04 /* Collection */,
				78DF24E226520A7C00F47A04 /* Profile */,
			);
			path = View;
			sourceTree = "<group>";
		};
		78848617264C120200FA33F9 /* View Model */ = {
			isa = PBXGroup;
			children = (
				7884865E264D36EA00FA33F9 /* HomeViewModel.swift */,
				78A31128265C2AAF00441FE7 /* AddViewModel.swift */,
				781CD84826653EAB005076CD /* SearchViewModel.swift */,
				78C52376266B570F00A824E0 /* LoginViewModel.swift */,
				786BF521266C0CB100704711 /* UserViewModel.swift */,
				786BF524266C102100704711 /* CollectionViewModel.swift */,
				78BFDD19266EC8CD0096B29C /* RecommendViewModel.swift */,
			);
			path = "View Model";
			sourceTree = "<group>";
		};
		78848618264C120F00FA33F9 /* Model */ = {
			isa = PBXGroup;
			children = (
				78848666264D3A7100FA33F9 /* CoffeeShop.swift */,
				78B2FCF6265A1849005C9D1D /* Review.swift */,
				78B2FCF9265A1856005C9D1D /* Feature.swift */,
				78B2FCFF265A1907005C9D1D /* User.swift */,
				783B2346265E172100F88687 /* RecommendItem.swift */,
				78C52373266B512200A824E0 /* UserSavedShop.swift */,
				78E9795226734B0F008F91C4 /* NewCoffeeShop.swift */,
			);
			path = Model;
			sourceTree = "<group>";
		};
		78848619264C123200FA33F9 /* Home */ = {
			isa = PBXGroup;
			children = (
				78FA72E1264BFCA300DF4190 /* HomeViewController.swift */,
				7884860E264C09AF00FA33F9 /* HomeMapViewController.swift */,
				78848611264C09EC00FA33F9 /* HomeListViewController.swift */,
				781CD80F2664AD46005076CD /* SelectedShopViewController.swift */,
			);
			path = Home;
			sourceTree = "<group>";
		};
		7884861B264C126400FA33F9 /* Base */ = {
			isa = PBXGroup;
			children = (
				7884861C264C129D00FA33F9 /* SelectionView.swift */,
				78DF251726524DE700F47A04 /* ShopDetailBasicCell.swift */,
			);
			path = Base;
			sourceTree = "<group>";
		};
		78848669264D3EEF00FA33F9 /* Services */ = {
			isa = PBXGroup;
			children = (
				787C2CAF264E6E70001AC268 /* CoffeeShopManager.swift */,
				78DEC2BA2655088C00726A5D /* LocationManager.swift */,
				78B2FD1B265A3326005C9D1D /* ReviewManager.swift */,
				783B2369265E299400F88687 /* RecommendItemManager.swift */,
				78B2FD1F265A7B23005C9D1D /* FeatureManager.swift */,
				78C5236E266A662C00A824E0 /* UserManager.swift */,
			);
			path = Services;
			sourceTree = "<group>";
		};
		78A31104265C271E00441FE7 /* Extension */ = {
			isa = PBXGroup;
			children = (
				78A31105265C275E00441FE7 /* Date+Extension.swift */,
				783B2343265D60F400F88687 /* UIView+Extension.swift */,
				78E0B9CE2660C66700AEE38F /* UIColor+Extension.swift */,
				781CD8312664BFFD005076CD /* Type+Extension.swift */,
				78C5237E266B700400A824E0 /* UIStoryboard+Extension.swift */,
				78294F07266E726F00851076 /* UICollectionView+Extension.swift */,
			);
			path = Extension;
			sourceTree = "<group>";
		};
		78C52379266B572600A824E0 /* Login */ = {
			isa = PBXGroup;
			children = (
				7809E4462661E9EE002DB983 /* LoginViewController.swift */,
				781CD843266513E1005076CD /* IntroductionViewController.swift */,
				78294F03266E67F400851076 /* WebViewController.swift */,
			);
			path = Login;
			sourceTree = "<group>";
		};
		78DEC28326541E8400726A5D /* Add */ = {
			isa = PBXGroup;
			children = (
				78DEC2B7265500A000726A5D /* SwitchCell.xib */,
			);
			path = Add;
			sourceTree = "<group>";
		};
		78DF24D7265206A900F47A04 /* Detail */ = {
			isa = PBXGroup;
			children = (
				78DF24D4265206A400F47A04 /* DetailViewController.swift */,
				78D4B3CB2658D1BC004EBB20 /* ReviewsPageViewController.swift */,
				7848AA7326776FDE008A0925 /* MapRouteViewController.swift */,
			);
			path = Detail;
			sourceTree = "<group>";
		};
		78DF24E026520A5200F47A04 /* Recommend */ = {
			isa = PBXGroup;
			children = (
				7839C95E2652CA4F0048B5F5 /* ProtraitCardCollectionCell.xib */,
				7839C95D2652CA4F0048B5F5 /* ProtraitCardCollectionCell.swift */,
			);
			path = Recommend;
			sourceTree = "<group>";
		};
		78DF24E126520A7400F47A04 /* Collection */ = {
			isa = PBXGroup;
			children = (
				78C5238F266BB37E00A824E0 /* CategoryCollectionViewCell.swift */,
				78C52390266BB37E00A824E0 /* CategoryCollectionViewCell.xib */,
			);
			path = Collection;
			sourceTree = "<group>";
		};
		78DF24E226520A7C00F47A04 /* Profile */ = {
			isa = PBXGroup;
			children = (
				7839C94E2652BD740048B5F5 /* ProfileCell.swift */,
				784D65B726709711002CA45F /* BlockListTableViewCell.swift */,
			);
			path = Profile;
			sourceTree = "<group>";
		};
		78DF24E326520ACB00F47A04 /* Recommend */ = {
			isa = PBXGroup;
			children = (
				78DF24D92652080F00F47A04 /* RecommendViewController.swift */,
				78BFDD16266EC5DB0096B29C /* FirstRecommendViewController.swift */,
			);
			path = Recommend;
			sourceTree = "<group>";
		};
		78DF24E426520B0E00F47A04 /* Collection */ = {
			isa = PBXGroup;
			children = (
				7884FB782653A3F60093F666 /* AddCategoryViewController.swift */,
				78DF24E526520B4100F47A04 /* CollectionViewController.swift */,
				78BFDCF2266EAA620096B29C /* CategoryViewController.swift */,
			);
			path = Collection;
			sourceTree = "<group>";
		};
		78DF24EA26520B5400F47A04 /* Profile */ = {
			isa = PBXGroup;
			children = (
				78DF24EC26520B6A00F47A04 /* ProfileViewController.swift */,
				78294F0A266E838B00851076 /* BlocklistViewController.swift */,
				7870A37D267208AD0012F15F /* SettingViewController.swift */,
				7870A3A926722D130012F15F /* UserReviewViewController.swift */,
				7870A3AC26722D2E0012F15F /* UserPostShopViewController.swift */,
			);
			path = Profile;
			sourceTree = "<group>";
		};
		78DF251A265251B600F47A04 /* Detail */ = {
			isa = PBXGroup;
			children = (
				781733C326678B1A0004C9CB /* All Reviews Page */,
				781733C226678AEE0004C9CB /* Write Review */,
				78DF251326524AD100F47A04 /* CoffeeShopContentCategory.swift */,
				78DF251B265251E100F47A04 /* ShopDescriptionCell.swift */,
				78DF25412652670900F47A04 /* ShopRouteCell.xib */,
				78DF251C265251E100F47A04 /* ShopDescriptionCell.xib */,
				78DF2521265251FE00F47A04 /* ShopFeatureCell.swift */,
				78DF2522265251FE00F47A04 /* ShopFeatureCell.xib */,
				78DF25402652670900F47A04 /* ShopRouteCell.swift */,
				7839C949265295D30048B5F5 /* ShopImagesCell.swift */,
				7839C94A265295D30048B5F5 /* ShopImagesCell.xib */,
				78DF25452652717000F47A04 /* ShopImagesCollectionViewCell.swift */,
				78DF25462652717000F47A04 /* ShopImagesCollectionViewCell.xib */,
			);
			path = Detail;
			sourceTree = "<group>";
		};
		78FA72D1264BFCA300DF4190 = {
			isa = PBXGroup;
			children = (
				78FA72DC264BFCA300DF4190 /* Discoffery */,
				78FA72DB264BFCA300DF4190 /* Products */,
				93F7C5AC657F4CCE973E838C /* Pods */,
				B62584C9E96A4E5CB2790021 /* Frameworks */,
			);
			sourceTree = "<group>";
		};
		78FA72DB264BFCA300DF4190 /* Products */ = {
			isa = PBXGroup;
			children = (
				78FA72DA264BFCA300DF4190 /* Discoffery.app */,
			);
			name = Products;
			sourceTree = "<group>";
		};
		78FA72DC264BFCA300DF4190 /* Discoffery */ = {
			isa = PBXGroup;
			children = (
				78C5232A266A564900A824E0 /* Discoffery.entitlements */,
				7870A34D267120900012F15F /* Discoffery-Bridging-Header.h */,
				7844F5102667D2A900A82158 /* Third Party Wrapper */,
				78A31104265C271E00441FE7 /* Extension */,
				78848669264D3EEF00FA33F9 /* Services */,
				78848618264C120F00FA33F9 /* Model */,
				78848617264C120200FA33F9 /* View Model */,
				78848616264C11FC00FA33F9 /* View */,
				78848615264C11F400FA33F9 /* Controller */,
				78FA72DD264BFCA300DF4190 /* AppDelegate.swift */,
				78FA72DF264BFCA300DF4190 /* SceneDelegate.swift */,
				78FA72EB264BFCA600DF4190 /* Info.plist */,
				7870A34A2670FB220012F15F /* GoogleService-Info.plist */,
				78AEDFA926596CFE000570C7 /* Assets.xcassets */,
			);
			path = Discoffery;
			sourceTree = "<group>";
		};
		93F7C5AC657F4CCE973E838C /* Pods */ = {
			isa = PBXGroup;
			children = (
				0EE685447FE78E3B98775556 /* Pods-Discoffery.debug.xcconfig */,
				ED72BBDFD145850A3955FC09 /* Pods-Discoffery.release.xcconfig */,
			);
			path = Pods;
			sourceTree = "<group>";
		};
		B62584C9E96A4E5CB2790021 /* Frameworks */ = {
			isa = PBXGroup;
			children = (
				78848620264C492A00FA33F9 /* CoreLocation.framework */,
				78848608264C051900FA33F9 /* MapKit.framework */,
				894C847D67261A57F85F1C78 /* Pods_Discoffery.framework */,
			);
			name = Frameworks;
			sourceTree = "<group>";
		};
/* End PBXGroup section */

/* Begin PBXNativeTarget section */
		78FA72D9264BFCA300DF4190 /* Discoffery */ = {
			isa = PBXNativeTarget;
			buildConfigurationList = 78FA72EE264BFCA600DF4190 /* Build configuration list for PBXNativeTarget "Discoffery" */;
			buildPhases = (
				5AD3357B7B29E910761DE806 /* [CP] Check Pods Manifest.lock */,
				78FA72D6264BFCA300DF4190 /* Sources */,
				78FA72D7264BFCA300DF4190 /* Frameworks */,
				78FA72D8264BFCA300DF4190 /* Resources */,
				76C3A0C44F06C911DF590CB0 /* [CP] Embed Pods Frameworks */,
				788485E8264BFFE200FA33F9 /* Swiftlint */,
				7870A3452670EF5B0012F15F /* ShellScript */,
				7870A3472670F66A0012F15F /* ShellScript */,
			);
			buildRules = (
			);
			dependencies = (
			);
			name = Discoffery;
			productName = Discoffery;
			productReference = 78FA72DA264BFCA300DF4190 /* Discoffery.app */;
			productType = "com.apple.product-type.application";
		};
/* End PBXNativeTarget section */

/* Begin PBXProject section */
		78FA72D2264BFCA300DF4190 /* Project object */ = {
			isa = PBXProject;
			attributes = {
				LastSwiftUpdateCheck = 1240;
				LastUpgradeCheck = 1240;
				TargetAttributes = {
					78FA72D9264BFCA300DF4190 = {
						CreatedOnToolsVersion = 12.4;
						LastSwiftMigration = 1240;
					};
				};
			};
			buildConfigurationList = 78FA72D5264BFCA300DF4190 /* Build configuration list for PBXProject "Discoffery" */;
			compatibilityVersion = "Xcode 9.3";
			developmentRegion = en;
			hasScannedForEncodings = 0;
			knownRegions = (
				en,
				Base,
			);
			mainGroup = 78FA72D1264BFCA300DF4190;
			productRefGroup = 78FA72DB264BFCA300DF4190 /* Products */;
			projectDirPath = "";
			projectRoot = "";
			targets = (
				78FA72D9264BFCA300DF4190 /* Discoffery */,
			);
		};
/* End PBXProject section */

/* Begin PBXResourcesBuildPhase section */
		78FA72D8264BFCA300DF4190 /* Resources */ = {
			isa = PBXResourcesBuildPhase;
			buildActionMask = 2147483647;
			files = (
				78DF251E265251E100F47A04 /* ShopDescriptionCell.xib in Resources */,
				7839C94C265295D30048B5F5 /* ShopImagesCell.xib in Resources */,
				78DF25392652625200F47A04 /* WriteReviewCell.xib in Resources */,
				78DF25432652670900F47A04 /* ShopRouteCell.xib in Resources */,
				781CD7E42662BFD8005076CD /* RecommendItemCollectionViewCell.xib in Resources */,
				78DF250D2652120D00F47A04 /* Collection.storyboard in Resources */,
				78DF2524265251FE00F47A04 /* ShopFeatureCell.xib in Resources */,
				78FA72EA264BFCA600DF4190 /* LaunchScreen.storyboard in Resources */,
				781CD84026650E9C005076CD /* KeywordsCollectionViewCell.xib in Resources */,
				7879ECC4265BE7D900BEAA73 /* FeatureCollectionViewCell.xib in Resources */,
				78C5237C266B645A00A824E0 /* Login.storyboard in Resources */,
				78DF24DE265208A100F47A04 /* Recommend.storyboard in Resources */,
				78DF25482652717000F47A04 /* ShopImagesCollectionViewCell.xib in Resources */,
				78DEC2B8265500A100726A5D /* SwitchCell.xib in Resources */,
				7839C9602652CA4F0048B5F5 /* ProtraitCardCollectionCell.xib in Resources */,
				78AEDFAA26596CFE000570C7 /* Assets.xcassets in Resources */,
				7884864F264CFFE300FA33F9 /* LandscapeCardCell.xib in Resources */,
				78FA72E5264BFCA300DF4190 /* Main.storyboard in Resources */,
				781733C026678ACF0004C9CB /* AddItemCollectionViewCell.xib in Resources */,
				7870A34B2670FB220012F15F /* GoogleService-Info.plist in Resources */,
				78C52392266BB37E00A824E0 /* CategoryCollectionViewCell.xib in Resources */,
				78DF24F926520D9500F47A04 /* Profile.storyboard in Resources */,
			);
			runOnlyForDeploymentPostprocessing = 0;
		};
/* End PBXResourcesBuildPhase section */

/* Begin PBXShellScriptBuildPhase section */
		5AD3357B7B29E910761DE806 /* [CP] Check Pods Manifest.lock */ = {
			isa = PBXShellScriptBuildPhase;
			buildActionMask = 2147483647;
			files = (
			);
			inputFileListPaths = (
			);
			inputPaths = (
				"${PODS_PODFILE_DIR_PATH}/Podfile.lock",
				"${PODS_ROOT}/Manifest.lock",
			);
			name = "[CP] Check Pods Manifest.lock";
			outputFileListPaths = (
			);
			outputPaths = (
				"$(DERIVED_FILE_DIR)/Pods-Discoffery-checkManifestLockResult.txt",
			);
			runOnlyForDeploymentPostprocessing = 0;
			shellPath = /bin/sh;
			shellScript = "diff \"${PODS_PODFILE_DIR_PATH}/Podfile.lock\" \"${PODS_ROOT}/Manifest.lock\" > /dev/null\nif [ $? != 0 ] ; then\n    # print error to STDERR\n    echo \"error: The sandbox is not in sync with the Podfile.lock. Run 'pod install' or update your CocoaPods installation.\" >&2\n    exit 1\nfi\n# This output is used by Xcode 'outputs' to avoid re-running this script phase.\necho \"SUCCESS\" > \"${SCRIPT_OUTPUT_FILE_0}\"\n";
			showEnvVarsInLog = 0;
		};
		76C3A0C44F06C911DF590CB0 /* [CP] Embed Pods Frameworks */ = {
			isa = PBXShellScriptBuildPhase;
			buildActionMask = 2147483647;
			files = (
			);
			inputFileListPaths = (
				"${PODS_ROOT}/Target Support Files/Pods-Discoffery/Pods-Discoffery-frameworks-${CONFIGURATION}-input-files.xcfilelist",
			);
			name = "[CP] Embed Pods Frameworks";
			outputFileListPaths = (
				"${PODS_ROOT}/Target Support Files/Pods-Discoffery/Pods-Discoffery-frameworks-${CONFIGURATION}-output-files.xcfilelist",
			);
			runOnlyForDeploymentPostprocessing = 0;
			shellPath = /bin/sh;
			shellScript = "\"${PODS_ROOT}/Target Support Files/Pods-Discoffery/Pods-Discoffery-frameworks.sh\"\n";
			showEnvVarsInLog = 0;
		};
		7870A3452670EF5B0012F15F /* ShellScript */ = {
			isa = PBXShellScriptBuildPhase;
			buildActionMask = 2147483647;
			files = (
			);
			inputFileListPaths = (
			);
			inputPaths = (
				"${DWARF_DSYM_FOLDER_PATH}/${DWARF_DSYM_FILE_NAME}/Contents/Resources/DWARF/${TARGET_NAME}",
				"$(SRCROOT)/$(BUILT_PRODUCTS_DIR)/$(INFOPLIST_PATH)",
			);
			outputFileListPaths = (
			);
			outputPaths = (
			);
			runOnlyForDeploymentPostprocessing = 0;
			shellPath = /bin/sh;
			shellScript = "# Type a script or drag a script file from your workspace to insert its path.\n\"${PODS_ROOT}/FirebaseCrashlytics/run\"\n";
		};
		7870A3472670F66A0012F15F /* ShellScript */ = {
			isa = PBXShellScriptBuildPhase;
			buildActionMask = 2147483647;
			files = (
			);
			inputFileListPaths = (
			);
			inputPaths = (
			);
			outputFileListPaths = (
			);
			outputPaths = (
			);
			runOnlyForDeploymentPostprocessing = 0;
			shellPath = /bin/sh;
			shellScript = "# Type a script or drag a script file from your workspace to insert its path.\n";
		};
		788485E8264BFFE200FA33F9 /* Swiftlint */ = {
			isa = PBXShellScriptBuildPhase;
			buildActionMask = 2147483647;
			files = (
			);
			inputFileListPaths = (
			);
			inputPaths = (
			);
			name = Swiftlint;
			outputFileListPaths = (
			);
			outputPaths = (
			);
			runOnlyForDeploymentPostprocessing = 0;
			shellPath = /bin/sh;
			shellScript = "# Type a script or drag a script file from your workspace to insert its path.\n\"${PODS_ROOT}/SwiftLint/swiftlint\"\n";
		};
/* End PBXShellScriptBuildPhase section */

/* Begin PBXSourcesBuildPhase section */
		78FA72D6264BFCA300DF4190 /* Sources */ = {
			isa = PBXSourcesBuildPhase;
			buildActionMask = 2147483647;
			files = (
				7839C95F2652CA4F0048B5F5 /* ProtraitCardCollectionCell.swift in Sources */,
				7839C9692652E59B0048B5F5 /* AddShopViewController.swift in Sources */,
				7870A37E267208AD0012F15F /* SettingViewController.swift in Sources */,
				78DEC2B52654DF6600726A5D /* AddOpenHoursViewController.swift in Sources */,
				7879ECC3265BE7D900BEAA73 /* FeatureCollectionViewCell.swift in Sources */,
				781CD84926653EAC005076CD /* SearchViewModel.swift in Sources */,
				78DF24DA2652080F00F47A04 /* RecommendViewController.swift in Sources */,
				7884860F264C09AF00FA33F9 /* HomeMapViewController.swift in Sources */,
				78E979EE2674A5DA008F91C4 /* SearchResultViewController.swift in Sources */,
				781733BF26678ACF0004C9CB /* AddItemCollectionViewCell.swift in Sources */,
				78848612264C09EC00FA33F9 /* HomeListViewController.swift in Sources */,
				78FA72E2264BFCA300DF4190 /* HomeViewController.swift in Sources */,
				78A01E9426666D0C00E4B43C /* PaddingLabel.swift in Sources */,
				78FA72DE264BFCA300DF4190 /* AppDelegate.swift in Sources */,
				7870A3AD26722D2E0012F15F /* UserPostShopViewController.swift in Sources */,
				78294F08266E726F00851076 /* UICollectionView+Extension.swift in Sources */,
				78BFDD1A266EC8CD0096B29C /* RecommendViewModel.swift in Sources */,
				786BF525266C102100704711 /* CollectionViewModel.swift in Sources */,
				78DF24ED26520B6A00F47A04 /* ProfileViewController.swift in Sources */,
				781CD7E32662BFD8005076CD /* RecommendItemCollectionViewCell.swift in Sources */,
				787C2CB0264E6E70001AC268 /* CoffeeShopManager.swift in Sources */,
				78DF2523265251FE00F47A04 /* ShopFeatureCell.swift in Sources */,
				78C5236F266A662C00A824E0 /* UserManager.swift in Sources */,
				78B2FD1C265A3326005C9D1D /* ReviewManager.swift in Sources */,
				78DF251D265251E100F47A04 /* ShopDescriptionCell.swift in Sources */,
				7884865F264D36EA00FA33F9 /* HomeViewModel.swift in Sources */,
				78B2FCFA265A1856005C9D1D /* Feature.swift in Sources */,
				78E9795326734B0F008F91C4 /* NewCoffeeShop.swift in Sources */,
				7839C94B265295D30048B5F5 /* ShopImagesCell.swift in Sources */,
				7839C94F2652BD740048B5F5 /* ProfileCell.swift in Sources */,
				78FA72E0264BFCA300DF4190 /* SceneDelegate.swift in Sources */,
				781CD8352664F4E8005076CD /* SearchViewController.swift in Sources */,
				7844F5192667D34D00A82158 /* PopupDialogWrapper.swift in Sources */,
				7809E4472661E9EE002DB983 /* LoginViewController.swift in Sources */,
				784D65B826709711002CA45F /* BlockListTableViewCell.swift in Sources */,
				78C52387266B81DE00A824E0 /* JGProgressHUDWrapper.swift in Sources */,
				78B2FCF7265A1849005C9D1D /* Review.swift in Sources */,
				78DF24E626520B4100F47A04 /* CollectionViewController.swift in Sources */,
				78A31129265C2AAF00441FE7 /* AddViewModel.swift in Sources */,
				781CD844266513E1005076CD /* IntroductionViewController.swift in Sources */,
				78848667264D3A7100FA33F9 /* CoffeeShop.swift in Sources */,
				78BFDCF3266EAA620096B29C /* CategoryViewController.swift in Sources */,
				7848AA7426776FDE008A0925 /* MapRouteViewController.swift in Sources */,
				781CD8102664AD46005076CD /* SelectedShopViewController.swift in Sources */,
				78A31106265C275E00441FE7 /* Date+Extension.swift in Sources */,
				78DF251826524DE700F47A04 /* ShopDetailBasicCell.swift in Sources */,
				78DF25382652625200F47A04 /* WriteReviewCell.swift in Sources */,
				781CD8322664BFFD005076CD /* Type+Extension.swift in Sources */,
				78E0B9CF2660C66700AEE38F /* UIColor+Extension.swift in Sources */,
				78B2FD20265A7B23005C9D1D /* FeatureManager.swift in Sources */,
				78DF25472652717000F47A04 /* ShopImagesCollectionViewCell.swift in Sources */,
				78BFDD17266EC5DC0096B29C /* FirstRecommendViewController.swift in Sources */,
				78DF251426524AD100F47A04 /* CoffeeShopContentCategory.swift in Sources */,
				78294F0B266E838B00851076 /* BlocklistViewController.swift in Sources */,
				78A01E97266753B400E4B43C /* CustomButton.swift in Sources */,
				7844F5162667D32100A82158 /* KingFisherWrapper.swift in Sources */,
				78DF25422652670900F47A04 /* ShopRouteCell.swift in Sources */,
				78DF24D5265206A400F47A04 /* DetailViewController.swift in Sources */,
				78C52377266B570F00A824E0 /* LoginViewModel.swift in Sources */,
				78C52391266BB37E00A824E0 /* CategoryCollectionViewCell.swift in Sources */,
				783B236A265E299400F88687 /* RecommendItemManager.swift in Sources */,
				7848AB112677A23B008A0925 /* CHTCollectionViewWaterfallLayout.m in Sources */,
				7884861D264C129D00FA33F9 /* SelectionView.swift in Sources */,
				7884864E264CFFE300FA33F9 /* LandscapeCardCell.swift in Sources */,
				781CD83F26650E9C005076CD /* KeywordsCollectionViewCell.swift in Sources */,
				783B2347265E172100F88687 /* RecommendItem.swift in Sources */,
				78DEC2BB2655088C00726A5D /* LocationManager.swift in Sources */,
				7884FB792653A3F60093F666 /* AddCategoryViewController.swift in Sources */,
				78B2FD2B265AC08D005C9D1D /* ReviewCell.swift in Sources */,
				78D4B3CC2658D1BC004EBB20 /* ReviewsPageViewController.swift in Sources */,
				78C52374266B512200A824E0 /* UserSavedShop.swift in Sources */,
				783B2344265D60F400F88687 /* UIView+Extension.swift in Sources */,
				78B2FD00265A1907005C9D1D /* User.swift in Sources */,
				786BF522266C0CB100704711 /* UserViewModel.swift in Sources */,
				78294F04266E67F400851076 /* WebViewController.swift in Sources */,
				7870A3AA26722D130012F15F /* UserReviewViewController.swift in Sources */,
				7870A350267120910012F15F /* UIScrollView+EmptyDataSet.m in Sources */,
				78C5237F266B700400A824E0 /* UIStoryboard+Extension.swift in Sources */,
			);
			runOnlyForDeploymentPostprocessing = 0;
		};
/* End PBXSourcesBuildPhase section */

/* Begin PBXVariantGroup section */
		78FA72E3264BFCA300DF4190 /* Main.storyboard */ = {
			isa = PBXVariantGroup;
			children = (
				78FA72E4264BFCA300DF4190 /* Base */,
			);
			name = Main.storyboard;
			sourceTree = "<group>";
		};
		78FA72E8264BFCA600DF4190 /* LaunchScreen.storyboard */ = {
			isa = PBXVariantGroup;
			children = (
				78FA72E9264BFCA600DF4190 /* Base */,
			);
			name = LaunchScreen.storyboard;
			sourceTree = "<group>";
		};
/* End PBXVariantGroup section */

/* Begin XCBuildConfiguration section */
		78FA72EC264BFCA600DF4190 /* Debug */ = {
			isa = XCBuildConfiguration;
			buildSettings = {
				ALWAYS_SEARCH_USER_PATHS = NO;
				CLANG_ANALYZER_NONNULL = YES;
				CLANG_ANALYZER_NUMBER_OBJECT_CONVERSION = YES_AGGRESSIVE;
				CLANG_CXX_LANGUAGE_STANDARD = "gnu++14";
				CLANG_CXX_LIBRARY = "libc++";
				CLANG_ENABLE_MODULES = YES;
				CLANG_ENABLE_OBJC_ARC = YES;
				CLANG_ENABLE_OBJC_WEAK = YES;
				CLANG_WARN_BLOCK_CAPTURE_AUTORELEASING = YES;
				CLANG_WARN_BOOL_CONVERSION = YES;
				CLANG_WARN_COMMA = YES;
				CLANG_WARN_CONSTANT_CONVERSION = YES;
				CLANG_WARN_DEPRECATED_OBJC_IMPLEMENTATIONS = YES;
				CLANG_WARN_DIRECT_OBJC_ISA_USAGE = YES_ERROR;
				CLANG_WARN_DOCUMENTATION_COMMENTS = YES;
				CLANG_WARN_EMPTY_BODY = YES;
				CLANG_WARN_ENUM_CONVERSION = YES;
				CLANG_WARN_INFINITE_RECURSION = YES;
				CLANG_WARN_INT_CONVERSION = YES;
				CLANG_WARN_NON_LITERAL_NULL_CONVERSION = YES;
				CLANG_WARN_OBJC_IMPLICIT_RETAIN_SELF = YES;
				CLANG_WARN_OBJC_LITERAL_CONVERSION = YES;
				CLANG_WARN_OBJC_ROOT_CLASS = YES_ERROR;
				CLANG_WARN_QUOTED_INCLUDE_IN_FRAMEWORK_HEADER = YES;
				CLANG_WARN_RANGE_LOOP_ANALYSIS = YES;
				CLANG_WARN_STRICT_PROTOTYPES = YES;
				CLANG_WARN_SUSPICIOUS_MOVE = YES;
				CLANG_WARN_UNGUARDED_AVAILABILITY = YES_AGGRESSIVE;
				CLANG_WARN_UNREACHABLE_CODE = YES;
				CLANG_WARN__DUPLICATE_METHOD_MATCH = YES;
				COPY_PHASE_STRIP = NO;
				DEBUG_INFORMATION_FORMAT = "dwarf-with-dsym";
				ENABLE_STRICT_OBJC_MSGSEND = YES;
				ENABLE_TESTABILITY = YES;
				GCC_C_LANGUAGE_STANDARD = gnu11;
				GCC_DYNAMIC_NO_PIC = NO;
				GCC_NO_COMMON_BLOCKS = YES;
				GCC_OPTIMIZATION_LEVEL = 0;
				GCC_PREPROCESSOR_DEFINITIONS = (
					"DEBUG=1",
					"$(inherited)",
				);
				GCC_WARN_64_TO_32_BIT_CONVERSION = YES;
				GCC_WARN_ABOUT_RETURN_TYPE = YES_ERROR;
				GCC_WARN_UNDECLARED_SELECTOR = YES;
				GCC_WARN_UNINITIALIZED_AUTOS = YES_AGGRESSIVE;
				GCC_WARN_UNUSED_FUNCTION = YES;
				GCC_WARN_UNUSED_VARIABLE = YES;
				IPHONEOS_DEPLOYMENT_TARGET = 13.0;
				MTL_ENABLE_DEBUG_INFO = INCLUDE_SOURCE;
				MTL_FAST_MATH = YES;
				ONLY_ACTIVE_ARCH = YES;
				SDKROOT = iphoneos;
				SWIFT_ACTIVE_COMPILATION_CONDITIONS = DEBUG;
				SWIFT_OPTIMIZATION_LEVEL = "-Onone";
			};
			name = Debug;
		};
		78FA72ED264BFCA600DF4190 /* Release */ = {
			isa = XCBuildConfiguration;
			buildSettings = {
				ALWAYS_SEARCH_USER_PATHS = NO;
				CLANG_ANALYZER_NONNULL = YES;
				CLANG_ANALYZER_NUMBER_OBJECT_CONVERSION = YES_AGGRESSIVE;
				CLANG_CXX_LANGUAGE_STANDARD = "gnu++14";
				CLANG_CXX_LIBRARY = "libc++";
				CLANG_ENABLE_MODULES = YES;
				CLANG_ENABLE_OBJC_ARC = YES;
				CLANG_ENABLE_OBJC_WEAK = YES;
				CLANG_WARN_BLOCK_CAPTURE_AUTORELEASING = YES;
				CLANG_WARN_BOOL_CONVERSION = YES;
				CLANG_WARN_COMMA = YES;
				CLANG_WARN_CONSTANT_CONVERSION = YES;
				CLANG_WARN_DEPRECATED_OBJC_IMPLEMENTATIONS = YES;
				CLANG_WARN_DIRECT_OBJC_ISA_USAGE = YES_ERROR;
				CLANG_WARN_DOCUMENTATION_COMMENTS = YES;
				CLANG_WARN_EMPTY_BODY = YES;
				CLANG_WARN_ENUM_CONVERSION = YES;
				CLANG_WARN_INFINITE_RECURSION = YES;
				CLANG_WARN_INT_CONVERSION = YES;
				CLANG_WARN_NON_LITERAL_NULL_CONVERSION = YES;
				CLANG_WARN_OBJC_IMPLICIT_RETAIN_SELF = YES;
				CLANG_WARN_OBJC_LITERAL_CONVERSION = YES;
				CLANG_WARN_OBJC_ROOT_CLASS = YES_ERROR;
				CLANG_WARN_QUOTED_INCLUDE_IN_FRAMEWORK_HEADER = YES;
				CLANG_WARN_RANGE_LOOP_ANALYSIS = YES;
				CLANG_WARN_STRICT_PROTOTYPES = YES;
				CLANG_WARN_SUSPICIOUS_MOVE = YES;
				CLANG_WARN_UNGUARDED_AVAILABILITY = YES_AGGRESSIVE;
				CLANG_WARN_UNREACHABLE_CODE = YES;
				CLANG_WARN__DUPLICATE_METHOD_MATCH = YES;
				COPY_PHASE_STRIP = NO;
				DEBUG_INFORMATION_FORMAT = "dwarf-with-dsym";
				ENABLE_NS_ASSERTIONS = NO;
				ENABLE_STRICT_OBJC_MSGSEND = YES;
				GCC_C_LANGUAGE_STANDARD = gnu11;
				GCC_NO_COMMON_BLOCKS = YES;
				GCC_WARN_64_TO_32_BIT_CONVERSION = YES;
				GCC_WARN_ABOUT_RETURN_TYPE = YES_ERROR;
				GCC_WARN_UNDECLARED_SELECTOR = YES;
				GCC_WARN_UNINITIALIZED_AUTOS = YES_AGGRESSIVE;
				GCC_WARN_UNUSED_FUNCTION = YES;
				GCC_WARN_UNUSED_VARIABLE = YES;
				IPHONEOS_DEPLOYMENT_TARGET = 13.0;
				MTL_ENABLE_DEBUG_INFO = NO;
				MTL_FAST_MATH = YES;
				SDKROOT = iphoneos;
				SWIFT_COMPILATION_MODE = wholemodule;
				SWIFT_OPTIMIZATION_LEVEL = "-O";
				VALIDATE_PRODUCT = YES;
			};
			name = Release;
		};
		78FA72EF264BFCA600DF4190 /* Debug */ = {
			isa = XCBuildConfiguration;
			baseConfigurationReference = 0EE685447FE78E3B98775556 /* Pods-Discoffery.debug.xcconfig */;
			buildSettings = {
				ASSETCATALOG_COMPILER_APPICON_NAME = AppIcon;
				ASSETCATALOG_COMPILER_GLOBAL_ACCENT_COLOR_NAME = AccentColor;
				CLANG_ENABLE_MODULES = YES;
				CODE_SIGN_ENTITLEMENTS = Discoffery/Discoffery.entitlements;
				CODE_SIGN_STYLE = Automatic;
				CURRENT_PROJECT_VERSION = 4;
				DEVELOPMENT_TEAM = P4J3B539A4;
				INFOPLIST_FILE = Discoffery/Info.plist;
				LD_RUNPATH_SEARCH_PATHS = (
					"$(inherited)",
					"@executable_path/Frameworks",
				);
				PRODUCT_BUNDLE_IDENTIFIER = rachelpei.Discoffery;
				PRODUCT_NAME = "$(TARGET_NAME)";
				SWIFT_OBJC_BRIDGING_HEADER = "Discoffery/Discoffery-Bridging-Header.h";
				SWIFT_OPTIMIZATION_LEVEL = "-Onone";
				SWIFT_VERSION = 5.0;
				TARGETED_DEVICE_FAMILY = "1,2";
			};
			name = Debug;
		};
		78FA72F0264BFCA600DF4190 /* Release */ = {
			isa = XCBuildConfiguration;
			baseConfigurationReference = ED72BBDFD145850A3955FC09 /* Pods-Discoffery.release.xcconfig */;
			buildSettings = {
				ASSETCATALOG_COMPILER_APPICON_NAME = AppIcon;
				ASSETCATALOG_COMPILER_GLOBAL_ACCENT_COLOR_NAME = AccentColor;
				CLANG_ENABLE_MODULES = YES;
				CODE_SIGN_ENTITLEMENTS = Discoffery/Discoffery.entitlements;
				CODE_SIGN_STYLE = Automatic;
				CURRENT_PROJECT_VERSION = 4;
				DEVELOPMENT_TEAM = P4J3B539A4;
				INFOPLIST_FILE = Discoffery/Info.plist;
				LD_RUNPATH_SEARCH_PATHS = (
					"$(inherited)",
					"@executable_path/Frameworks",
				);
				PRODUCT_BUNDLE_IDENTIFIER = rachelpei.Discoffery;
				PRODUCT_NAME = "$(TARGET_NAME)";
				SWIFT_OBJC_BRIDGING_HEADER = "Discoffery/Discoffery-Bridging-Header.h";
				SWIFT_VERSION = 5.0;
				TARGETED_DEVICE_FAMILY = "1,2";
			};
			name = Release;
		};
/* End XCBuildConfiguration section */

/* Begin XCConfigurationList section */
		78FA72D5264BFCA300DF4190 /* Build configuration list for PBXProject "Discoffery" */ = {
			isa = XCConfigurationList;
			buildConfigurations = (
				78FA72EC264BFCA600DF4190 /* Debug */,
				78FA72ED264BFCA600DF4190 /* Release */,
			);
			defaultConfigurationIsVisible = 0;
			defaultConfigurationName = Release;
		};
		78FA72EE264BFCA600DF4190 /* Build configuration list for PBXNativeTarget "Discoffery" */ = {
			isa = XCConfigurationList;
			buildConfigurations = (
				78FA72EF264BFCA600DF4190 /* Debug */,
				78FA72F0264BFCA600DF4190 /* Release */,
			);
			defaultConfigurationIsVisible = 0;
			defaultConfigurationName = Release;
		};
/* End XCConfigurationList section */
	};
	rootObject = 78FA72D2264BFCA300DF4190 /* Project object */;
}
